
Microsoft Visual Studio Solution File, Format Version 12.00
# Visual Studio Version 16
VisualStudioVersion = 16.0.31624.102
MinimumVisualStudioVersion = 10.0.40219.1
Project("{FAE04EC0-301F-11D3-BF4B-00C04F79EFBC}") = "Meeting App", "Meeting App\Meeting App.csproj", "{14EAF873-CB81-4B26-AA02-63F91CED1797}"
EndProject
Global
	GlobalSection(SolutionConfigurationPlatforms) = preSolution
		Debug|Any CPU = Debug|Any CPU
		Release|Any CPU = Release|Any CPU
	EndGlobalSection
	GlobalSection(ProjectConfigurationPlatforms) = postSolution
		{14EAF873-CB81-4B26-AA02-63F91CED1797}.Debug|Any CPU.ActiveCfg = Debug|Any CPU
		{14EAF873-CB81-4B26-AA02-63F91CED1797}.Debug|Any CPU.Build.0 = Debug|Any CPU
		{14EAF873-CB81-4B26-AA02-63F91CED1797}.Release|Any CPU.ActiveCfg = Release|Any CPU
		{14EAF873-CB81-4B26-AA02-63F91CED1797}.Release|Any CPU.Build.0 = Release|Any CPU
	EndGlobalSection
	GlobalSection(SolutionProperties) = preSolution
		HideSolutionNode = FALSE
	EndGlobalSection
	GlobalSection(ExtensibilityGlobals) = postSolution
		SolutionGuid = {FDA5C1C5-57F1-433D-8672-5F98A8B8ABC9}
	EndGlobalSection
EndGlobal
